<?xml version="1.0" encoding="utf-8"?>
<Project ToolsVersion="4.0" xmlns="http://schemas.microsoft.com/developer/msbuild/2003">
  <ItemGroup>
    <Filter Include="Header Files">
      <UniqueIdentifier>{A9AF2958-ED6D-45B4-8DCF-776D76E95BD1}</UniqueIdentifier>
      <Extensions>h;hh;hpp;hxx;h++;hm;inl;inc;ipp;xsd</Extensions>
    </Filter>
    <Filter Include="Resource Files">
      <UniqueIdentifier>{080DA1EA-3D07-46AA-A460-EACEB38A7FC1}</UniqueIdentifier>
      <Extensions>rc;ico;cur;bmp;dlg;rc2;rct;bin;rgs;gif;jpg;jpeg;jpe;resx;tiff;tif;png;wav;mfcribbon-ms</Extensions>
    </Filter>
    <Filter Include="biosdecode">
      <UniqueIdentifier>{403FA18C-8502-4389-86F0-2FC482881ABF}</UniqueIdentifier>
      <Extensions>
      </Extensions>
    </Filter>
  </ItemGroup>
  <ItemGroup>
    <ClInclude Include="windmi\wingetopt.h">
      <Filter>Header Files</Filter>
    </ClInclude>
    <ClInclude Include="windmi\unistd.h">
      <Filter>Header Files</Filter>
    </ClInclude>
    <ClInclude Include="windmi\getopt.h">
      <Filter>Header Files</Filter>
    </ClInclude>
    <ClInclude Include="windmi\strings.h">
      <Filter>Header Files</Filter>
    </ClInclude>
    <ClInclude Include="dmidecode\config.h">
      <Filter>Header Files</Filter>
    </ClInclude>
    <ClInclude Include="dmidecode\types.h">
      <Filter>Header Files</Filter>
    </ClInclude>
    <ClInclude Include="dmidecode\util.h">
      <Filter>Header Files</Filter>
    </ClInclude>
    <ClInclude Include="dmidecode\version.h">
      <Filter>Header Files</Filter>
    </ClInclude>
  </ItemGroup>
  <ItemGroup>
    <None Include="packages.config" />
  </ItemGroup>
  <ItemGroup>
    <ClCompile Include="dmidecode\biosdecode.c">
      <Filter>biosdecode</Filter>
    </ClCompile>
  </ItemGroup>
</Project>