<?xml version="1.0" encoding="utf-8"?>
<Project ToolsVersion="4.0" xmlns="http://schemas.microsoft.com/developer/msbuild/2003">
  <ItemGroup>
    <Filter Include="Header Files">
      <UniqueIdentifier>{E10015B2-BC38-427E-9FA2-447A4EB78BE0}</UniqueIdentifier>
      <Extensions>h;hh;hpp;hxx;h++;hm;inl;inc;ipp;xsd</Extensions>
    </Filter>
    <Filter Include="Resource Files">
      <UniqueIdentifier>{2532ECCB-74C8-4576-917B-91D485867057}</UniqueIdentifier>
      <Extensions>rc;ico;cur;bmp;dlg;rc2;rct;bin;rgs;gif;jpg;jpeg;jpe;resx;tiff;tif;png;wav;mfcribbon-ms</Extensions>
    </Filter>
    <Filter Include="ownership">
      <UniqueIdentifier>{677C6C1B-D40E-4D2C-BCB9-12231B1C705E}</UniqueIdentifier>
      <Extensions>
      </Extensions>
    </Filter>
  </ItemGroup>
  <ItemGroup>
    <ClInclude Include="windmi\wingetopt.h">
      <Filter>Header Files</Filter>
    </ClInclude>
    <ClInclude Include="windmi\unistd.h">
      <Filter>Header Files</Filter>
    </ClInclude>
    <ClInclude Include="windmi\getopt.h">
      <Filter>Header Files</Filter>
    </ClInclude>
    <ClInclude Include="windmi\strings.h">
      <Filter>Header Files</Filter>
    </ClInclude>
    <ClInclude Include="dmidecode\config.h">
      <Filter>Header Files</Filter>
    </ClInclude>
    <ClInclude Include="dmidecode\types.h">
      <Filter>Header Files</Filter>
    </ClInclude>
    <ClInclude Include="dmidecode\util.h">
      <Filter>Header Files</Filter>
    </ClInclude>
    <ClInclude Include="dmidecode\version.h">
      <Filter>Header Files</Filter>
    </ClInclude>
  </ItemGroup>
  <ItemGroup>
    <ClCompile Include="dmidecode\ownership.c">
      <Filter>ownership</Filter>
    </ClCompile>
  </ItemGroup>
</Project>